
Microsoft Visual Studio Solution File, Format Version 12.00
# Visual Studio Version 17
VisualStudioVersion = 17.10.34928.147
MinimumVisualStudioVersion = 10.0.40219.1
Project("{FAE04EC0-301F-11D3-BF4B-00C04F79EFBC}") = "Ejercicio5_back", "Ejercicio5_back\Ejercicio5_back.csproj", "{98923A3D-7A35-4A46-A4E0-C758E629C29E}"
EndProject
Global
	GlobalSection(SolutionConfigurationPlatforms) = preSolution
		Debug|Any CPU = Debug|Any CPU
		Release|Any CPU = Release|Any CPU
	EndGlobalSection
	GlobalSection(ProjectConfigurationPlatforms) = postSolution
		{98923A3D-7A35-4A46-A4E0-C758E629C29E}.Debug|Any CPU.ActiveCfg = Debug|Any CPU
		{98923A3D-7A35-4A46-A4E0-C758E629C29E}.Debug|Any CPU.Build.0 = Debug|Any CPU
		{98923A3D-7A35-4A46-A4E0-C758E629C29E}.Release|Any CPU.ActiveCfg = Release|Any CPU
		{98923A3D-7A35-4A46-A4E0-C758E629C29E}.Release|Any CPU.Build.0 = Release|Any CPU
	EndGlobalSection
	GlobalSection(SolutionProperties) = preSolution
		HideSolutionNode = FALSE
	EndGlobalSection
	GlobalSection(ExtensibilityGlobals) = postSolution
		SolutionGuid = {FB62584C-EA10-4839-93F9-6049FDC301B1}
	EndGlobalSection
EndGlobal
